Microsoft Visual Studio Solution File, Format Version 12.00
# Visual Studio Version 17
VisualStudioVersion = 17.5.2.0
MinimumVisualStudioVersion = 10.0.40219.1
Project("{FAE04EC0-301F-11D3-BF4B-00C04F79EFBC}") = "ValidationDemo", "ValidationDemo.csproj", "{DFCE7757-AFC6-D60B-ED2F-45DB5991C77F}"
EndProject
Global
	GlobalSection(SolutionConfigurationPlatforms) = preSolution
		Debug|Any CPU = Debug|Any CPU
		Release|Any CPU = Release|Any CPU
	EndGlobalSection
	GlobalSection(ProjectConfigurationPlatforms) = postSolution
		{DFCE7757-AFC6-D60B-ED2F-45DB5991C77F}.Debug|Any CPU.ActiveCfg = Debug|Any CPU
		{DFCE7757-AFC6-D60B-ED2F-45DB5991C77F}.Debug|Any CPU.Build.0 = Debug|Any CPU
		{DFCE7757-AFC6-D60B-ED2F-45DB5991C77F}.Release|Any CPU.ActiveCfg = Release|Any CPU
		{DFCE7757-AFC6-D60B-ED2F-45DB5991C77F}.Release|Any CPU.Build.0 = Release|Any CPU
	EndGlobalSection
	GlobalSection(SolutionProperties) = preSolution
		HideSolutionNode = FALSE
	EndGlobalSection
	GlobalSection(ExtensibilityGlobals) = postSolution
		SolutionGuid = {CF6028C5-1C08-4DBB-9523-52A64D0BCC35}
	EndGlobalSection
EndGlobal
