Microsoft Visual Studio Solution File, Format Version 12.00
# Visual Studio Version 17
VisualStudioVersion = 17.5.2.0
MinimumVisualStudioVersion = 10.0.40219.1
Project("{FAE04EC0-301F-11D3-BF4B-00C04F79EFBC}") = "DAV", "DAV\DAV.csproj", "{40A92A87-2EF7-85B3-7D09-478BC7DC1217}"
EndProject
Global
	GlobalSection(SolutionConfigurationPlatforms) = preSolution
		Debug|Any CPU = Debug|Any CPU
		Release|Any CPU = Release|Any CPU
	EndGlobalSection
	GlobalSection(ProjectConfigurationPlatforms) = postSolution
		{40A92A87-2EF7-85B3-7D09-478BC7DC1217}.Debug|Any CPU.ActiveCfg = Debug|Any CPU
		{40A92A87-2EF7-85B3-7D09-478BC7DC1217}.Debug|Any CPU.Build.0 = Debug|Any CPU
		{40A92A87-2EF7-85B3-7D09-478BC7DC1217}.Release|Any CPU.ActiveCfg = Release|Any CPU
		{40A92A87-2EF7-85B3-7D09-478BC7DC1217}.Release|Any CPU.Build.0 = Release|Any CPU
	EndGlobalSection
	GlobalSection(SolutionProperties) = preSolution
		HideSolutionNode = FALSE
	EndGlobalSection
	GlobalSection(ExtensibilityGlobals) = postSolution
		SolutionGuid = {FFF0B442-2030-4FDF-A17F-6B6A1DF6187A}
	EndGlobalSection
EndGlobal
